
Microsoft Visual Studio Solution File, Format Version 12.00
# Visual Studio Version 16
VisualStudioVersion = 16.0.29806.167
MinimumVisualStudioVersion = 10.0.40219.1
Project("{FAE04EC0-301F-11D3-BF4B-00C04F79EFBC}") = "DNFINVMC", "DNFINVMC\DNFINVMC.csproj", "{DE714DBE-8CD1-44E0-9198-05382A5FB592}"
EndProject
Global
	GlobalSection(SolutionConfigurationPlatforms) = preSolution
		Debug|Any CPU = Debug|Any CPU
		Release|Any CPU = Release|Any CPU
	EndGlobalSection
	GlobalSection(ProjectConfigurationPlatforms) = postSolution
		{DE714DBE-8CD1-44E0-9198-05382A5FB592}.Debug|Any CPU.ActiveCfg = Debug|Any CPU
		{DE714DBE-8CD1-44E0-9198-05382A5FB592}.Debug|Any CPU.Build.0 = Debug|Any CPU
		{DE714DBE-8CD1-44E0-9198-05382A5FB592}.Release|Any CPU.ActiveCfg = Release|Any CPU
		{DE714DBE-8CD1-44E0-9198-05382A5FB592}.Release|Any CPU.Build.0 = Release|Any CPU
	EndGlobalSection
	GlobalSection(SolutionProperties) = preSolution
		HideSolutionNode = FALSE
	EndGlobalSection
	GlobalSection(ExtensibilityGlobals) = postSolution
		SolutionGuid = {075ED08F-067E-4389-A012-44EF31866553}
	EndGlobalSection
EndGlobal
